
Microsoft Visual Studio Solution File, Format Version 12.00
# Visual Studio Version 17
VisualStudioVersion = 17.11.35219.272
MinimumVisualStudioVersion = 10.0.40219.1
Project("{FAE04EC0-301F-11D3-BF4B-00C04F79EFBC}") = "ConsoleApp2", "ConsoleApp2\ConsoleApp2.csproj", "{DB029DDD-7DD5-439A-8736-86348C9630F9}"
EndProject
Global
	GlobalSection(SolutionConfigurationPlatforms) = preSolution
		Debug|Any CPU = Debug|Any CPU
		Release|Any CPU = Release|Any CPU
	EndGlobalSection
	GlobalSection(ProjectConfigurationPlatforms) = postSolution
		{DB029DDD-7DD5-439A-8736-86348C9630F9}.Debug|Any CPU.ActiveCfg = Debug|Any CPU
		{DB029DDD-7DD5-439A-8736-86348C9630F9}.Debug|Any CPU.Build.0 = Debug|Any CPU
		{DB029DDD-7DD5-439A-8736-86348C9630F9}.Release|Any CPU.ActiveCfg = Release|Any CPU
		{DB029DDD-7DD5-439A-8736-86348C9630F9}.Release|Any CPU.Build.0 = Release|Any CPU
	EndGlobalSection
	GlobalSection(SolutionProperties) = preSolution
		HideSolutionNode = FALSE
	EndGlobalSection
	GlobalSection(ExtensibilityGlobals) = postSolution
		SolutionGuid = {06F8837A-E43F-4E44-8111-084F6CCF066A}
	EndGlobalSection
EndGlobal
